
Microsoft Visual Studio Solution File, Format Version 12.00
# Visual Studio Version 17
VisualStudioVersion = 17.4.33213.308
MinimumVisualStudioVersion = 10.0.40219.1
Project("{F184B08F-C81C-45F6-A57F-5ABD9991F28F}") = "ProyectoBD", "ProyectoBD\ProyectoBD.vbproj", "{FF1CE41A-781A-409F-A5E5-4C75C742D4CC}"
EndProject
Global
	GlobalSection(SolutionConfigurationPlatforms) = preSolution
		Debug|Any CPU = Debug|Any CPU
		Release|Any CPU = Release|Any CPU
	EndGlobalSection
	GlobalSection(ProjectConfigurationPlatforms) = postSolution
		{FF1CE41A-781A-409F-A5E5-4C75C742D4CC}.Debug|Any CPU.ActiveCfg = Debug|Any CPU
		{FF1CE41A-781A-409F-A5E5-4C75C742D4CC}.Debug|Any CPU.Build.0 = Debug|Any CPU
		{FF1CE41A-781A-409F-A5E5-4C75C742D4CC}.Release|Any CPU.ActiveCfg = Release|Any CPU
		{FF1CE41A-781A-409F-A5E5-4C75C742D4CC}.Release|Any CPU.Build.0 = Release|Any CPU
	EndGlobalSection
	GlobalSection(SolutionProperties) = preSolution
		HideSolutionNode = FALSE
	EndGlobalSection
	GlobalSection(ExtensibilityGlobals) = postSolution
		SolutionGuid = {63836077-67A7-48B0-BA8F-1AB372A1FD01}
	EndGlobalSection
EndGlobal
